
Microsoft Visual Studio Solution File, Format Version 12.00
# Visual Studio Version 17
VisualStudioVersion = 17.7.34024.191
MinimumVisualStudioVersion = 10.0.40219.1
Project("{FAE04EC0-301F-11D3-BF4B-00C04F79EFBC}") = "BallGamesWindowsFormsApp", "BallGamesWindowsFormsApp\BallGamesWindowsFormsApp.csproj", "{60BA32AB-66B0-418A-B3C4-AA8A65DC365A}"
EndProject
Project("{FAE04EC0-301F-11D3-BF4B-00C04F79EFBC}") = "CatchMe2WindowsFormsApp", "CatchMe2WindowsFormsApp\CatchMe2WindowsFormsApp.csproj", "{8F980280-9137-4FD1-8717-F5470C8EAEA3}"
EndProject
Project("{FAE04EC0-301F-11D3-BF4B-00C04F79EFBC}") = "BallCommon", "BallCommon\BallCommon.csproj", "{93C8E091-0E95-4FF1-8DA7-F3D773548DB4}"
EndProject
Project("{FAE04EC0-301F-11D3-BF4B-00C04F79EFBC}") = "BillyardWindowsFormsApp", "BillyardWindowsFormsApp\BillyardWindowsFormsApp.csproj", "{4401648C-7EB5-4D9B-8144-79E8181F802C}"
EndProject
Project("{FAE04EC0-301F-11D3-BF4B-00C04F79EFBC}") = "DiffusionWindowsFormsApp", "DiffusionWindowsFormsApp\DiffusionWindowsFormsApp.csproj", "{9F6A8E39-C4BF-44D1-91B4-0DA3E484187A}"
EndProject
Project("{FAE04EC0-301F-11D3-BF4B-00C04F79EFBC}") = "SalutWindowsFormsApp", "SalutWindowsFormsApp\SalutWindowsFormsApp.csproj", "{618E300E-DD60-4CBF-837D-EC00DFF1DDF3}"
EndProject
Project("{FAE04EC0-301F-11D3-BF4B-00C04F79EFBC}") = "AngryBirdsWindowsFormsApp", "AngryBirdsWindowsFormsApp\AngryBirdsWindowsFormsApp.csproj", "{E56CA67A-9810-4226-B8A1-F98CBE5A5991}"
EndProject
Global
	GlobalSection(SolutionConfigurationPlatforms) = preSolution
		Debug|Any CPU = Debug|Any CPU
		Release|Any CPU = Release|Any CPU
	EndGlobalSection
	GlobalSection(ProjectConfigurationPlatforms) = postSolution
		{60BA32AB-66B0-418A-B3C4-AA8A65DC365A}.Debug|Any CPU.ActiveCfg = Debug|Any CPU
		{60BA32AB-66B0-418A-B3C4-AA8A65DC365A}.Debug|Any CPU.Build.0 = Debug|Any CPU
		{60BA32AB-66B0-418A-B3C4-AA8A65DC365A}.Release|Any CPU.ActiveCfg = Release|Any CPU
		{60BA32AB-66B0-418A-B3C4-AA8A65DC365A}.Release|Any CPU.Build.0 = Release|Any CPU
		{8F980280-9137-4FD1-8717-F5470C8EAEA3}.Debug|Any CPU.ActiveCfg = Debug|Any CPU
		{8F980280-9137-4FD1-8717-F5470C8EAEA3}.Debug|Any CPU.Build.0 = Debug|Any CPU
		{8F980280-9137-4FD1-8717-F5470C8EAEA3}.Release|Any CPU.ActiveCfg = Release|Any CPU
		{8F980280-9137-4FD1-8717-F5470C8EAEA3}.Release|Any CPU.Build.0 = Release|Any CPU
		{93C8E091-0E95-4FF1-8DA7-F3D773548DB4}.Debug|Any CPU.ActiveCfg = Debug|Any CPU
		{93C8E091-0E95-4FF1-8DA7-F3D773548DB4}.Debug|Any CPU.Build.0 = Debug|Any CPU
		{93C8E091-0E95-4FF1-8DA7-F3D773548DB4}.Release|Any CPU.ActiveCfg = Release|Any CPU
		{93C8E091-0E95-4FF1-8DA7-F3D773548DB4}.Release|Any CPU.Build.0 = Release|Any CPU
		{4401648C-7EB5-4D9B-8144-79E8181F802C}.Debug|Any CPU.ActiveCfg = Debug|Any CPU
		{4401648C-7EB5-4D9B-8144-79E8181F802C}.Debug|Any CPU.Build.0 = Debug|Any CPU
		{4401648C-7EB5-4D9B-8144-79E8181F802C}.Release|Any CPU.ActiveCfg = Release|Any CPU
		{4401648C-7EB5-4D9B-8144-79E8181F802C}.Release|Any CPU.Build.0 = Release|Any CPU
		{9F6A8E39-C4BF-44D1-91B4-0DA3E484187A}.Debug|Any CPU.ActiveCfg = Debug|Any CPU
		{9F6A8E39-C4BF-44D1-91B4-0DA3E484187A}.Debug|Any CPU.Build.0 = Debug|Any CPU
		{9F6A8E39-C4BF-44D1-91B4-0DA3E484187A}.Release|Any CPU.ActiveCfg = Release|Any CPU
		{9F6A8E39-C4BF-44D1-91B4-0DA3E484187A}.Release|Any CPU.Build.0 = Release|Any CPU
		{618E300E-DD60-4CBF-837D-EC00DFF1DDF3}.Debug|Any CPU.ActiveCfg = Debug|Any CPU
		{618E300E-DD60-4CBF-837D-EC00DFF1DDF3}.Debug|Any CPU.Build.0 = Debug|Any CPU
		{618E300E-DD60-4CBF-837D-EC00DFF1DDF3}.Release|Any CPU.ActiveCfg = Release|Any CPU
		{618E300E-DD60-4CBF-837D-EC00DFF1DDF3}.Release|Any CPU.Build.0 = Release|Any CPU
		{E56CA67A-9810-4226-B8A1-F98CBE5A5991}.Debug|Any CPU.ActiveCfg = Debug|Any CPU
		{E56CA67A-9810-4226-B8A1-F98CBE5A5991}.Debug|Any CPU.Build.0 = Debug|Any CPU
		{E56CA67A-9810-4226-B8A1-F98CBE5A5991}.Release|Any CPU.ActiveCfg = Release|Any CPU
		{E56CA67A-9810-4226-B8A1-F98CBE5A5991}.Release|Any CPU.Build.0 = Release|Any CPU
	EndGlobalSection
	GlobalSection(SolutionProperties) = preSolution
		HideSolutionNode = FALSE
	EndGlobalSection
	GlobalSection(ExtensibilityGlobals) = postSolution
		SolutionGuid = {A5ADEDC0-3C13-478B-91DA-2828F0937E4D}
	EndGlobalSection
EndGlobal
